{
  "requires": true,
  "lockfileVersion": 1,
  "dependencies": {
    "node-neurosky": {
      "version": "0.0.1",
      "resolved": "https://registry.npmjs.org/node-neurosky/-/node-neurosky-0.0.1.tgz",
      "integrity": "sha1-3GPETJbJGeRYEteQiWpKlKee4KA="
    },
    "node-thinkgear-sockets": {
      "version": "0.0.1",
      "resolved": "https://registry.npmjs.org/node-thinkgear-sockets/-/node-thinkgear-sockets-0.0.1.tgz",
      "integrity": "sha1-In23jOwrnkWcui7Hi6+PeGZ0YhQ="
    }
  }
}
